{
  "name": "primus-redis-rooms-withauth",
  "version": "0.3.1",
  "dependencies": {
    "node-uuid": {
      "version": "1.4.7",
      "from": "node-uuid@1.4.7",
      "resolved": "https://registry.npmjs.org/node-uuid/-/node-uuid-1.4.7.tgz"
    },
    "redis": {
      "version": "2.6.5",
      "from": "redis@2.6.5",
      "resolved": "https://registry.npmjs.org/redis/-/redis-2.6.5.tgz"
    },
    "redis-sentinel": {
      "version": "0.3.3",
      "from": "redis-sentinel@0.3.3",
      "resolved": "https://registry.npmjs.org/redis-sentinel/-/redis-sentinel-0.3.3.tgz",
      "dependencies": {
        "redis": {
          "version": "0.12.1",
          "from": "redis@0.12.1",
          "resolved": "https://registry.npmjs.org/redis/-/redis-0.12.1.tgz"
        }
      }
    }
  }
}
